
Microsoft Visual Studio Solution File, Format Version 12.00
# Visual Studio Version 17
VisualStudioVersion = 17.14.36603.0 d17.14
MinimumVisualStudioVersion = 10.0.40219.1
Project("{FAE04EC0-301F-11D3-BF4B-00C04F79EFBC}") = "B.SelinYaman.portfolio", "B.SelinYaman.portfolio\B.SelinYaman.portfolio.csproj", "{8E1DCA72-DCD1-4822-916E-036708EA158A}"
EndProject
Global
	GlobalSection(SolutionConfigurationPlatforms) = preSolution
		Debug|Any CPU = Debug|Any CPU
		Release|Any CPU = Release|Any CPU
	EndGlobalSection
	GlobalSection(ProjectConfigurationPlatforms) = postSolution
		{8E1DCA72-DCD1-4822-916E-036708EA158A}.Debug|Any CPU.ActiveCfg = Debug|Any CPU
		{8E1DCA72-DCD1-4822-916E-036708EA158A}.Debug|Any CPU.Build.0 = Debug|Any CPU
		{8E1DCA72-DCD1-4822-916E-036708EA158A}.Release|Any CPU.ActiveCfg = Release|Any CPU
		{8E1DCA72-DCD1-4822-916E-036708EA158A}.Release|Any CPU.Build.0 = Release|Any CPU
	EndGlobalSection
	GlobalSection(SolutionProperties) = preSolution
		HideSolutionNode = FALSE
	EndGlobalSection
	GlobalSection(ExtensibilityGlobals) = postSolution
		SolutionGuid = {E7E9655A-7ACB-4E37-9C84-E2D610F6FCDF}
	EndGlobalSection
EndGlobal
